// !$*UTF8*$!
{
	archiveVersion = 1;
	classes = {
	};
	objectVersion = 46;
	objects = {

/* Begin PBXBuildFile section */
		8746ADA4161E47FE002D0EC1 /* UIKit.framework in Frameworks */ = {isa = PBXBuildFile; fileRef = 8746ADA3161E47FE002D0EC1 /* UIKit.framework */; };
		8746ADA6161E47FE002D0EC1 /* Foundation.framework in Frameworks */ = {isa = PBXBuildFile; fileRef = 8746ADA5161E47FE002D0EC1 /* Foundation.framework */; };
		8746ADA8161E47FE002D0EC1 /* CoreGraphics.framework in Frameworks */ = {isa = PBXBuildFile; fileRef = 8746ADA7161E47FE002D0EC1 /* CoreGraphics.framework */; };
		8746ADAE161E47FE002D0EC1 /* InfoPlist.strings in Resources */ = {isa = PBXBuildFile; fileRef = 8746ADAC161E47FE002D0EC1 /* InfoPlist.strings */; };
		8746ADB0161E47FE002D0EC1 /* main.m in Sources */ = {isa = PBXBuildFile; fileRef = 8746ADAF161E47FE002D0EC1 /* main.m */; };
		8746ADB4161E47FE002D0EC1 /* AppDelegate.m in Sources */ = {isa = PBXBuildFile; fileRef = 8746ADB3161E47FE002D0EC1 /* AppDelegate.m */; };
		8746ADB7161E47FE002D0EC1 /* MainStoryboard_iPhone.storyboard in Resources */ = {isa = PBXBuildFile; fileRef = 8746ADB5161E47FE002D0EC1 /* MainStoryboard_iPhone.storyboard */; };
		8746ADBA161E47FE002D0EC1 /* MainStoryboard_iPad.storyboard in Resources */ = {isa = PBXBuildFile; fileRef = 8746ADB8161E47FE002D0EC1 /* MainStoryboard_iPad.storyboard */; };
		8746ADC5161E4859002D0EC1 /* Q2SceneController.m in Sources */ = {isa = PBXBuildFile; fileRef = 8746ADC4161E4859002D0EC1 /* Q2SceneController.m */; };
		8746ADC8161E488E002D0EC1 /* Q2Sprite.m in Sources */ = {isa = PBXBuildFile; fileRef = 8746ADC7161E488E002D0EC1 /* Q2Sprite.m */; };
		8746ADCB161E48B6002D0EC1 /* Q2Scene.m in Sources */ = {isa = PBXBuildFile; fileRef = 8746ADCA161E48B6002D0EC1 /* Q2Scene.m */; };
		8746ADCE161E491F002D0EC1 /* OpenGLES.framework in Frameworks */ = {isa = PBXBuildFile; fileRef = 8746ADCD161E491F002D0EC1 /* OpenGLES.framework */; };
		8746ADD0161E4925002D0EC1 /* GLKit.framework in Frameworks */ = {isa = PBXBuildFile; fileRef = 8746ADCF161E4925002D0EC1 /* GLKit.framework */; };
		8746ADD2161E492D002D0EC1 /* QuartzCore.framework in Frameworks */ = {isa = PBXBuildFile; fileRef = 8746ADD1161E492D002D0EC1 /* QuartzCore.framework */; };
		87FC924316237A230078CBBA /* MD2Model.m in Sources */ = {isa = PBXBuildFile; fileRef = 87FC924216237A230078CBBA /* MD2Model.m */; };
/* End PBXBuildFile section */

/* Begin PBXFileReference section */
		8746AD9F161E47FE002D0EC1 /* Q2MD2Modeler.app */ = {isa = PBXFileReference; explicitFileType = wrapper.application; includeInIndex = 0; path = Q2MD2Modeler.app; sourceTree = BUILT_PRODUCTS_DIR; };
		8746ADA3161E47FE002D0EC1 /* UIKit.framework */ = {isa = PBXFileReference; lastKnownFileType = wrapper.framework; name = UIKit.framework; path = System/Library/Frameworks/UIKit.framework; sourceTree = SDKROOT; };
		8746ADA5161E47FE002D0EC1 /* Foundation.framework */ = {isa = PBXFileReference; lastKnownFileType = wrapper.framework; name = Foundation.framework; path = System/Library/Frameworks/Foundation.framework; sourceTree = SDKROOT; };
		8746ADA7161E47FE002D0EC1 /* CoreGraphics.framework */ = {isa = PBXFileReference; lastKnownFileType = wrapper.framework; name = CoreGraphics.framework; path = System/Library/Frameworks/CoreGraphics.framework; sourceTree = SDKROOT; };
		8746ADAB161E47FE002D0EC1 /* Q2MD2Modeler-Info.plist */ = {isa = PBXFileReference; lastKnownFileType = text.plist.xml; path = "Q2MD2Modeler-Info.plist"; sourceTree = "<group>"; };
		8746ADAD161E47FE002D0EC1 /* en */ = {isa = PBXFileReference; lastKnownFileType = text.plist.strings; name = en; path = en.lproj/InfoPlist.strings; sourceTree = "<group>"; };
		8746ADAF161E47FE002D0EC1 /* main.m */ = {isa = PBXFileReference; lastKnownFileType = sourcecode.c.objc; path = main.m; sourceTree = "<group>"; };
		8746ADB1161E47FE002D0EC1 /* Q2MD2Modeler-Prefix.pch */ = {isa = PBXFileReference; lastKnownFileType = sourcecode.c.h; path = "Q2MD2Modeler-Prefix.pch"; sourceTree = "<group>"; };
		8746ADB2161E47FE002D0EC1 /* AppDelegate.h */ = {isa = PBXFileReference; lastKnownFileType = sourcecode.c.h; path = AppDelegate.h; sourceTree = "<group>"; };
		8746ADB3161E47FE002D0EC1 /* AppDelegate.m */ = {isa = PBXFileReference; lastKnownFileType = sourcecode.c.objc; path = AppDelegate.m; sourceTree = "<group>"; };
		8746ADB6161E47FE002D0EC1 /* en */ = {isa = PBXFileReference; lastKnownFileType = file.storyboard; name = en; path = en.lproj/MainStoryboard_iPhone.storyboard; sourceTree = "<group>"; };
		8746ADB9161E47FE002D0EC1 /* en */ = {isa = PBXFileReference; lastKnownFileType = file.storyboard; name = en; path = en.lproj/MainStoryboard_iPad.storyboard; sourceTree = "<group>"; };
		8746ADC3161E4859002D0EC1 /* Q2SceneController.h */ = {isa = PBXFileReference; fileEncoding = 4; lastKnownFileType = sourcecode.c.h; path = Q2SceneController.h; sourceTree = "<group>"; };
		8746ADC4161E4859002D0EC1 /* Q2SceneController.m */ = {isa = PBXFileReference; fileEncoding = 4; lastKnownFileType = sourcecode.c.objc; path = Q2SceneController.m; sourceTree = "<group>"; };
		8746ADC6161E488E002D0EC1 /* Q2Sprite.h */ = {isa = PBXFileReference; fileEncoding = 4; lastKnownFileType = sourcecode.c.h; path = Q2Sprite.h; sourceTree = "<group>"; };
		8746ADC7161E488E002D0EC1 /* Q2Sprite.m */ = {isa = PBXFileReference; fileEncoding = 4; lastKnownFileType = sourcecode.c.objc; path = Q2Sprite.m; sourceTree = "<group>"; };
		8746ADC9161E48B6002D0EC1 /* Q2Scene.h */ = {isa = PBXFileReference; fileEncoding = 4; lastKnownFileType = sourcecode.c.h; path = Q2Scene.h; sourceTree = "<group>"; };
		8746ADCA161E48B6002D0EC1 /* Q2Scene.m */ = {isa = PBXFileReference; fileEncoding = 4; lastKnownFileType = sourcecode.c.objc; path = Q2Scene.m; sourceTree = "<group>"; };
		8746ADCC161E48E8002D0EC1 /* MD2Helper.h */ = {isa = PBXFileReference; lastKnownFileType = sourcecode.c.h; path = MD2Helper.h; sourceTree = "<group>"; };
		8746ADCD161E491F002D0EC1 /* OpenGLES.framework */ = {isa = PBXFileReference; lastKnownFileType = wrapper.framework; name = OpenGLES.framework; path = System/Library/Frameworks/OpenGLES.framework; sourceTree = SDKROOT; };
		8746ADCF161E4925002D0EC1 /* GLKit.framework */ = {isa = PBXFileReference; lastKnownFileType = wrapper.framework; name = GLKit.framework; path = System/Library/Frameworks/GLKit.framework; sourceTree = SDKROOT; };
		8746ADD1161E492D002D0EC1 /* QuartzCore.framework */ = {isa = PBXFileReference; lastKnownFileType = wrapper.framework; name = QuartzCore.framework; path = System/Library/Frameworks/QuartzCore.framework; sourceTree = SDKROOT; };
		87FC924116237A230078CBBA /* MD2Model.h */ = {isa = PBXFileReference; fileEncoding = 4; lastKnownFileType = sourcecode.c.h; path = MD2Model.h; sourceTree = "<group>"; };
		87FC924216237A230078CBBA /* MD2Model.m */ = {isa = PBXFileReference; fileEncoding = 4; lastKnownFileType = sourcecode.c.objc; path = MD2Model.m; sourceTree = "<group>"; };
/* End PBXFileReference section */

/* Begin PBXFrameworksBuildPhase section */
		8746AD9C161E47FE002D0EC1 /* Frameworks */ = {
			isa = PBXFrameworksBuildPhase;
			buildActionMask = 2147483647;
			files = (
				8746ADD2161E492D002D0EC1 /* QuartzCore.framework in Frameworks */,
				8746ADD0161E4925002D0EC1 /* GLKit.framework in Frameworks */,
				8746ADCE161E491F002D0EC1 /* OpenGLES.framework in Frameworks */,
				8746ADA4161E47FE002D0EC1 /* UIKit.framework in Frameworks */,
				8746ADA6161E47FE002D0EC1 /* Foundation.framework in Frameworks */,
				8746ADA8161E47FE002D0EC1 /* CoreGraphics.framework in Frameworks */,
			);
			runOnlyForDeploymentPostprocessing = 0;
		};
/* End PBXFrameworksBuildPhase section */

/* Begin PBXGroup section */
		8746AD94161E47FE002D0EC1 = {
			isa = PBXGroup;
			children = (
				8746ADA9161E47FE002D0EC1 /* Q2MD2Modeler */,
				8746ADA2161E47FE002D0EC1 /* Frameworks */,
				8746ADA0161E47FE002D0EC1 /* Products */,
			);
			sourceTree = "<group>";
		};
		8746ADA0161E47FE002D0EC1 /* Products */ = {
			isa = PBXGroup;
			children = (
				8746AD9F161E47FE002D0EC1 /* Q2MD2Modeler.app */,
			);
			name = Products;
			sourceTree = "<group>";
		};
		8746ADA2161E47FE002D0EC1 /* Frameworks */ = {
			isa = PBXGroup;
			children = (
				8746ADD1161E492D002D0EC1 /* QuartzCore.framework */,
				8746ADCF161E4925002D0EC1 /* GLKit.framework */,
				8746ADCD161E491F002D0EC1 /* OpenGLES.framework */,
				8746ADA3161E47FE002D0EC1 /* UIKit.framework */,
				8746ADA5161E47FE002D0EC1 /* Foundation.framework */,
				8746ADA7161E47FE002D0EC1 /* CoreGraphics.framework */,
			);
			name = Frameworks;
			sourceTree = "<group>";
		};
		8746ADA9161E47FE002D0EC1 /* Q2MD2Modeler */ = {
			isa = PBXGroup;
			children = (
				8746ADB2161E47FE002D0EC1 /* AppDelegate.h */,
				8746ADB3161E47FE002D0EC1 /* AppDelegate.m */,
				8746ADC3161E4859002D0EC1 /* Q2SceneController.h */,
				8746ADC4161E4859002D0EC1 /* Q2SceneController.m */,
				8746ADC9161E48B6002D0EC1 /* Q2Scene.h */,
				8746ADCA161E48B6002D0EC1 /* Q2Scene.m */,
				8746ADC6161E488E002D0EC1 /* Q2Sprite.h */,
				8746ADC7161E488E002D0EC1 /* Q2Sprite.m */,
				8746ADCC161E48E8002D0EC1 /* MD2Helper.h */,
				87FC924116237A230078CBBA /* MD2Model.h */,
				87FC924216237A230078CBBA /* MD2Model.m */,
				8746ADB5161E47FE002D0EC1 /* MainStoryboard_iPhone.storyboard */,
				8746ADB8161E47FE002D0EC1 /* MainStoryboard_iPad.storyboard */,
				8746ADAA161E47FE002D0EC1 /* Supporting Files */,
			);
			path = Q2MD2Modeler;
			sourceTree = "<group>";
		};
		8746ADAA161E47FE002D0EC1 /* Supporting Files */ = {
			isa = PBXGroup;
			children = (
				8746ADAB161E47FE002D0EC1 /* Q2MD2Modeler-Info.plist */,
				8746ADAC161E47FE002D0EC1 /* InfoPlist.strings */,
				8746ADAF161E47FE002D0EC1 /* main.m */,
				8746ADB1161E47FE002D0EC1 /* Q2MD2Modeler-Prefix.pch */,
			);
			name = "Supporting Files";
			sourceTree = "<group>";
		};
/* End PBXGroup section */

/* Begin PBXNativeTarget section */
		8746AD9E161E47FE002D0EC1 /* Q2MD2Modeler */ = {
			isa = PBXNativeTarget;
			buildConfigurationList = 8746ADC0161E47FE002D0EC1 /* Build configuration list for PBXNativeTarget "Q2MD2Modeler" */;
			buildPhases = (
				8746AD9B161E47FE002D0EC1 /* Sources */,
				8746AD9C161E47FE002D0EC1 /* Frameworks */,
				8746AD9D161E47FE002D0EC1 /* Resources */,
			);
			buildRules = (
			);
			dependencies = (
			);
			name = Q2MD2Modeler;
			productName = Q2MD2Modeler;
			productReference = 8746AD9F161E47FE002D0EC1 /* Q2MD2Modeler.app */;
			productType = "com.apple.product-type.application";
		};
/* End PBXNativeTarget section */

/* Begin PBXProject section */
		8746AD96161E47FE002D0EC1 /* Project object */ = {
			isa = PBXProject;
			attributes = {
				LastUpgradeCheck = 0440;
				ORGANIZATIONNAME = "Tanoy Sinha";
			};
			buildConfigurationList = 8746AD99161E47FE002D0EC1 /* Build configuration list for PBXProject "Q2MD2Modeler" */;
			compatibilityVersion = "Xcode 3.2";
			developmentRegion = English;
			hasScannedForEncodings = 0;
			knownRegions = (
				en,
			);
			mainGroup = 8746AD94161E47FE002D0EC1;
			productRefGroup = 8746ADA0161E47FE002D0EC1 /* Products */;
			projectDirPath = "";
			projectRoot = "";
			targets = (
				8746AD9E161E47FE002D0EC1 /* Q2MD2Modeler */,
			);
		};
/* End PBXProject section */

/* Begin PBXResourcesBuildPhase section */
		8746AD9D161E47FE002D0EC1 /* Resources */ = {
			isa = PBXResourcesBuildPhase;
			buildActionMask = 2147483647;
			files = (
				8746ADAE161E47FE002D0EC1 /* InfoPlist.strings in Resources */,
				8746ADB7161E47FE002D0EC1 /* MainStoryboard_iPhone.storyboard in Resources */,
				8746ADBA161E47FE002D0EC1 /* MainStoryboard_iPad.storyboard in Resources */,
			);
			runOnlyForDeploymentPostprocessing = 0;
		};
/* End PBXResourcesBuildPhase section */

/* Begin PBXSourcesBuildPhase section */
		8746AD9B161E47FE002D0EC1 /* Sources */ = {
			isa = PBXSourcesBuildPhase;
			buildActionMask = 2147483647;
			files = (
				8746ADB0161E47FE002D0EC1 /* main.m in Sources */,
				8746ADB4161E47FE002D0EC1 /* AppDelegate.m in Sources */,
				8746ADC5161E4859002D0EC1 /* Q2SceneController.m in Sources */,
				8746ADC8161E488E002D0EC1 /* Q2Sprite.m in Sources */,
				8746ADCB161E48B6002D0EC1 /* Q2Scene.m in Sources */,
				87FC924316237A230078CBBA /* MD2Model.m in Sources */,
			);
			runOnlyForDeploymentPostprocessing = 0;
		};
/* End PBXSourcesBuildPhase section */

/* Begin PBXVariantGroup section */
		8746ADAC161E47FE002D0EC1 /* InfoPlist.strings */ = {
			isa = PBXVariantGroup;
			children = (
				8746ADAD161E47FE002D0EC1 /* en */,
			);
			name = InfoPlist.strings;
			sourceTree = "<group>";
		};
		8746ADB5161E47FE002D0EC1 /* MainStoryboard_iPhone.storyboard */ = {
			isa = PBXVariantGroup;
			children = (
				8746ADB6161E47FE002D0EC1 /* en */,
			);
			name = MainStoryboard_iPhone.storyboard;
			sourceTree = "<group>";
		};
		8746ADB8161E47FE002D0EC1 /* MainStoryboard_iPad.storyboard */ = {
			isa = PBXVariantGroup;
			children = (
				8746ADB9161E47FE002D0EC1 /* en */,
			);
			name = MainStoryboard_iPad.storyboard;
			sourceTree = "<group>";
		};
/* End PBXVariantGroup section */

/* Begin XCBuildConfiguration section */
		8746ADBE161E47FE002D0EC1 /* Debug */ = {
			isa = XCBuildConfiguration;
			buildSettings = {
				ALWAYS_SEARCH_USER_PATHS = NO;
				ARCHS = "$(ARCHS_STANDARD_32_BIT)";
				CLANG_CXX_LANGUAGE_STANDARD = "gnu++0x";
				CLANG_ENABLE_OBJC_ARC = YES;
				CLANG_WARN__DUPLICATE_METHOD_MATCH = YES;
				"CODE_SIGN_IDENTITY[sdk=iphoneos*]" = "iPhone Developer";
				COPY_PHASE_STRIP = NO;
				GCC_C_LANGUAGE_STANDARD = gnu99;
				GCC_DYNAMIC_NO_PIC = NO;
				GCC_OPTIMIZATION_LEVEL = 0;
				GCC_PREPROCESSOR_DEFINITIONS = (
					"DEBUG=1",
					"$(inherited)",
				);
				GCC_SYMBOLS_PRIVATE_EXTERN = NO;
				GCC_VERSION = com.apple.compilers.llvm.clang.1_0;
				GCC_WARN_ABOUT_RETURN_TYPE = YES;
				GCC_WARN_UNINITIALIZED_AUTOS = YES;
				GCC_WARN_UNUSED_VARIABLE = YES;
				IPHONEOS_DEPLOYMENT_TARGET = 5.1;
				SDKROOT = iphoneos;
				TARGETED_DEVICE_FAMILY = "1,2";
			};
			name = Debug;
		};
		8746ADBF161E47FE002D0EC1 /* Release */ = {
			isa = XCBuildConfiguration;
			buildSettings = {
				ALWAYS_SEARCH_USER_PATHS = NO;
				ARCHS = "$(ARCHS_STANDARD_32_BIT)";
				CLANG_CXX_LANGUAGE_STANDARD = "gnu++0x";
				CLANG_ENABLE_OBJC_ARC = YES;
				CLANG_WARN__DUPLICATE_METHOD_MATCH = YES;
				"CODE_SIGN_IDENTITY[sdk=iphoneos*]" = "iPhone Developer";
				COPY_PHASE_STRIP = YES;
				GCC_C_LANGUAGE_STANDARD = gnu99;
				GCC_VERSION = com.apple.compilers.llvm.clang.1_0;
				GCC_WARN_ABOUT_RETURN_TYPE = YES;
				GCC_WARN_UNINITIALIZED_AUTOS = YES;
				GCC_WARN_UNUSED_VARIABLE = YES;
				IPHONEOS_DEPLOYMENT_TARGET = 5.1;
				OTHER_CFLAGS = "-DNS_BLOCK_ASSERTIONS=1";
				SDKROOT = iphoneos;
				TARGETED_DEVICE_FAMILY = "1,2";
				VALIDATE_PRODUCT = YES;
			};
			name = Release;
		};
		8746ADC1161E47FE002D0EC1 /* Debug */ = {
			isa = XCBuildConfiguration;
			buildSettings = {
				GCC_PRECOMPILE_PREFIX_HEADER = YES;
				GCC_PREFIX_HEADER = "Q2MD2Modeler/Q2MD2Modeler-Prefix.pch";
				INFOPLIST_FILE = "Q2MD2Modeler/Q2MD2Modeler-Info.plist";
				PRODUCT_NAME = "$(TARGET_NAME)";
				WRAPPER_EXTENSION = app;
			};
			name = Debug;
		};
		8746ADC2161E47FE002D0EC1 /* Release */ = {
			isa = XCBuildConfiguration;
			buildSettings = {
				GCC_PRECOMPILE_PREFIX_HEADER = YES;
				GCC_PREFIX_HEADER = "Q2MD2Modeler/Q2MD2Modeler-Prefix.pch";
				INFOPLIST_FILE = "Q2MD2Modeler/Q2MD2Modeler-Info.plist";
				PRODUCT_NAME = "$(TARGET_NAME)";
				WRAPPER_EXTENSION = app;
			};
			name = Release;
		};
/* End XCBuildConfiguration section */

/* Begin XCConfigurationList section */
		8746AD99161E47FE002D0EC1 /* Build configuration list for PBXProject "Q2MD2Modeler" */ = {
			isa = XCConfigurationList;
			buildConfigurations = (
				8746ADBE161E47FE002D0EC1 /* Debug */,
				8746ADBF161E47FE002D0EC1 /* Release */,
			);
			defaultConfigurationIsVisible = 0;
			defaultConfigurationName = Release;
		};
		8746ADC0161E47FE002D0EC1 /* Build configuration list for PBXNativeTarget "Q2MD2Modeler" */ = {
			isa = XCConfigurationList;
			buildConfigurations = (
				8746ADC1161E47FE002D0EC1 /* Debug */,
				8746ADC2161E47FE002D0EC1 /* Release */,
			);
			defaultConfigurationIsVisible = 0;
			defaultConfigurationName = Release;
		};
/* End XCConfigurationList section */
	};
	rootObject = 8746AD96161E47FE002D0EC1 /* Project object */;
}
